
Microsoft Visual Studio Solution File, Format Version 12.00
# Visual Studio 2013
VisualStudioVersion = 12.0.31101.0
MinimumVisualStudioVersion = 10.0.40219.1
Project("{8BC9CEB8-8B4A-11D0-8D11-00A0C91BC942}") = "pbrt-v3", "pbrt-v3\pbrt-v3.vcxproj", "{DB9FC55E-A2D8-4FEC-BAA3-71082FF1B55C}"
EndProject
Project("{2150E333-8FDC-42A3-9474-1A3956D46DE8}") = "tools", "tools", "{1AC3C807-61FD-4CC3-B8B7-FA44B954AC37}"
EndProject
Project("{2150E333-8FDC-42A3-9474-1A3956D46DE8}") = "tests", "tests", "{8A32C711-1528-4DEB-8501-942D91C94090}"
EndProject
Project("{8BC9CEB8-8B4A-11D0-8D11-00A0C91BC942}") = "pbrt", "pbrt\pbrt.vcxproj", "{E34F73D5-2609-4ED0-9F33-1BAF614C33B4}"
EndProject
Project("{8BC9CEB8-8B4A-11D0-8D11-00A0C91BC942}") = "bsdftest", "bsdftest\bsdftest.vcxproj", "{49F89CD0-FFAE-4573-93C4-C5E1518678E0}"
EndProject
Project("{8BC9CEB8-8B4A-11D0-8D11-00A0C91BC942}") = "chi2test", "chi2test\chi2test.vcxproj", "{DFAF1229-5825-4671-8D03-7D024FB98062}"
EndProject
Project("{8BC9CEB8-8B4A-11D0-8D11-00A0C91BC942}") = "exravg", "exravg\exravg.vcxproj", "{96D1902F-2CDA-42EE-8ADD-9FF7874D100D}"
EndProject
Project("{8BC9CEB8-8B4A-11D0-8D11-00A0C91BC942}") = "exrcat", "exrcat\exrcat.vcxproj", "{05B6ACD2-DB5F-4DB9-95BB-A46431641992}"
EndProject
Project("{8BC9CEB8-8B4A-11D0-8D11-00A0C91BC942}") = "exrdiff", "exrdiff\exrdiff.vcxproj", "{C470AFF5-E6BE-4F81-A396-504C231DE8F6}"
EndProject
Project("{8BC9CEB8-8B4A-11D0-8D11-00A0C91BC942}") = "hdrtoldr", "hdrtoldr\hdrtoldr.vcxproj", "{A80F1154-9348-453D-BE15-7C83F399ECF6}"
EndProject
Project("{8BC9CEB8-8B4A-11D0-8D11-00A0C91BC942}") = "obj2pbrt", "obj2pbrt\obj2pbrt.vcxproj", "{300AD4ED-47CB-426E-A02F-D6473967FEC4}"
EndProject
Project("{8BC9CEB8-8B4A-11D0-8D11-00A0C91BC942}") = "ply2pbrt", "ply2pbrt\ply2pbrt.vcxproj", "{69619E41-8798-442C-A48B-9C1CB947BABE}"
EndProject
Project("{8BC9CEB8-8B4A-11D0-8D11-00A0C91BC942}") = "tifftoexr", "tifftoexr\tifftoexr.vcxproj", "{B244CE18-4669-4093-A9BC-2108DB8E430F}"
EndProject
Global
	GlobalSection(SolutionConfigurationPlatforms) = preSolution
		Debug|Win32 = Debug|Win32
		Release|Win32 = Release|Win32
	EndGlobalSection
	GlobalSection(ProjectConfigurationPlatforms) = postSolution
		{DB9FC55E-A2D8-4FEC-BAA3-71082FF1B55C}.Debug|Win32.ActiveCfg = Debug|Win32
		{DB9FC55E-A2D8-4FEC-BAA3-71082FF1B55C}.Debug|Win32.Build.0 = Debug|Win32
		{DB9FC55E-A2D8-4FEC-BAA3-71082FF1B55C}.Release|Win32.ActiveCfg = Release|Win32
		{DB9FC55E-A2D8-4FEC-BAA3-71082FF1B55C}.Release|Win32.Build.0 = Release|Win32
		{E34F73D5-2609-4ED0-9F33-1BAF614C33B4}.Debug|Win32.ActiveCfg = Debug|Win32
		{E34F73D5-2609-4ED0-9F33-1BAF614C33B4}.Debug|Win32.Build.0 = Debug|Win32
		{E34F73D5-2609-4ED0-9F33-1BAF614C33B4}.Release|Win32.ActiveCfg = Release|Win32
		{E34F73D5-2609-4ED0-9F33-1BAF614C33B4}.Release|Win32.Build.0 = Release|Win32
		{49F89CD0-FFAE-4573-93C4-C5E1518678E0}.Debug|Win32.ActiveCfg = Debug|Win32
		{49F89CD0-FFAE-4573-93C4-C5E1518678E0}.Debug|Win32.Build.0 = Debug|Win32
		{49F89CD0-FFAE-4573-93C4-C5E1518678E0}.Release|Win32.ActiveCfg = Release|Win32
		{49F89CD0-FFAE-4573-93C4-C5E1518678E0}.Release|Win32.Build.0 = Release|Win32
		{DFAF1229-5825-4671-8D03-7D024FB98062}.Debug|Win32.ActiveCfg = Debug|Win32
		{DFAF1229-5825-4671-8D03-7D024FB98062}.Debug|Win32.Build.0 = Debug|Win32
		{DFAF1229-5825-4671-8D03-7D024FB98062}.Release|Win32.ActiveCfg = Release|Win32
		{DFAF1229-5825-4671-8D03-7D024FB98062}.Release|Win32.Build.0 = Release|Win32
		{96D1902F-2CDA-42EE-8ADD-9FF7874D100D}.Debug|Win32.ActiveCfg = Debug|Win32
		{96D1902F-2CDA-42EE-8ADD-9FF7874D100D}.Debug|Win32.Build.0 = Debug|Win32
		{96D1902F-2CDA-42EE-8ADD-9FF7874D100D}.Release|Win32.ActiveCfg = Release|Win32
		{96D1902F-2CDA-42EE-8ADD-9FF7874D100D}.Release|Win32.Build.0 = Release|Win32
		{05B6ACD2-DB5F-4DB9-95BB-A46431641992}.Debug|Win32.ActiveCfg = Debug|Win32
		{05B6ACD2-DB5F-4DB9-95BB-A46431641992}.Debug|Win32.Build.0 = Debug|Win32
		{05B6ACD2-DB5F-4DB9-95BB-A46431641992}.Release|Win32.ActiveCfg = Release|Win32
		{05B6ACD2-DB5F-4DB9-95BB-A46431641992}.Release|Win32.Build.0 = Release|Win32
		{C470AFF5-E6BE-4F81-A396-504C231DE8F6}.Debug|Win32.ActiveCfg = Debug|Win32
		{C470AFF5-E6BE-4F81-A396-504C231DE8F6}.Debug|Win32.Build.0 = Debug|Win32
		{C470AFF5-E6BE-4F81-A396-504C231DE8F6}.Release|Win32.ActiveCfg = Release|Win32
		{C470AFF5-E6BE-4F81-A396-504C231DE8F6}.Release|Win32.Build.0 = Release|Win32
		{A80F1154-9348-453D-BE15-7C83F399ECF6}.Debug|Win32.ActiveCfg = Debug|Win32
		{A80F1154-9348-453D-BE15-7C83F399ECF6}.Debug|Win32.Build.0 = Debug|Win32
		{A80F1154-9348-453D-BE15-7C83F399ECF6}.Release|Win32.ActiveCfg = Release|Win32
		{A80F1154-9348-453D-BE15-7C83F399ECF6}.Release|Win32.Build.0 = Release|Win32
		{300AD4ED-47CB-426E-A02F-D6473967FEC4}.Debug|Win32.ActiveCfg = Debug|Win32
		{300AD4ED-47CB-426E-A02F-D6473967FEC4}.Debug|Win32.Build.0 = Debug|Win32
		{300AD4ED-47CB-426E-A02F-D6473967FEC4}.Release|Win32.ActiveCfg = Release|Win32
		{300AD4ED-47CB-426E-A02F-D6473967FEC4}.Release|Win32.Build.0 = Release|Win32
		{69619E41-8798-442C-A48B-9C1CB947BABE}.Debug|Win32.ActiveCfg = Debug|Win32
		{69619E41-8798-442C-A48B-9C1CB947BABE}.Debug|Win32.Build.0 = Debug|Win32
		{69619E41-8798-442C-A48B-9C1CB947BABE}.Release|Win32.ActiveCfg = Release|Win32
		{69619E41-8798-442C-A48B-9C1CB947BABE}.Release|Win32.Build.0 = Release|Win32
		{B244CE18-4669-4093-A9BC-2108DB8E430F}.Debug|Win32.ActiveCfg = Debug|Win32
		{B244CE18-4669-4093-A9BC-2108DB8E430F}.Debug|Win32.Build.0 = Debug|Win32
		{B244CE18-4669-4093-A9BC-2108DB8E430F}.Release|Win32.ActiveCfg = Release|Win32
		{B244CE18-4669-4093-A9BC-2108DB8E430F}.Release|Win32.Build.0 = Release|Win32
	EndGlobalSection
	GlobalSection(SolutionProperties) = preSolution
		HideSolutionNode = FALSE
	EndGlobalSection
	GlobalSection(NestedProjects) = preSolution
		{49F89CD0-FFAE-4573-93C4-C5E1518678E0} = {1AC3C807-61FD-4CC3-B8B7-FA44B954AC37}
		{DFAF1229-5825-4671-8D03-7D024FB98062} = {1AC3C807-61FD-4CC3-B8B7-FA44B954AC37}
		{96D1902F-2CDA-42EE-8ADD-9FF7874D100D} = {1AC3C807-61FD-4CC3-B8B7-FA44B954AC37}
		{05B6ACD2-DB5F-4DB9-95BB-A46431641992} = {1AC3C807-61FD-4CC3-B8B7-FA44B954AC37}
		{C470AFF5-E6BE-4F81-A396-504C231DE8F6} = {1AC3C807-61FD-4CC3-B8B7-FA44B954AC37}
		{A80F1154-9348-453D-BE15-7C83F399ECF6} = {1AC3C807-61FD-4CC3-B8B7-FA44B954AC37}
		{300AD4ED-47CB-426E-A02F-D6473967FEC4} = {1AC3C807-61FD-4CC3-B8B7-FA44B954AC37}
		{69619E41-8798-442C-A48B-9C1CB947BABE} = {1AC3C807-61FD-4CC3-B8B7-FA44B954AC37}
		{B244CE18-4669-4093-A9BC-2108DB8E430F} = {1AC3C807-61FD-4CC3-B8B7-FA44B954AC37}
	EndGlobalSection
EndGlobal
