<?xml version="1.0" encoding="utf-8"?>
<Project ToolsVersion="4.0" xmlns="http://schemas.microsoft.com/developer/msbuild/2003">
  <ItemGroup>
    <Filter Include="Source Files">
      <UniqueIdentifier>{4FC737F1-C7A5-4376-A066-2A32D752A2FF}</UniqueIdentifier>
      <Extensions>cpp;c;cc;cxx;def;odl;idl;hpj;bat;asm;asmx</Extensions>
    </Filter>
    <Filter Include="Header Files">
      <UniqueIdentifier>{93995380-89BD-4b04-88EB-625FBE52EBFB}</UniqueIdentifier>
      <Extensions>h;hh;hpp;hxx;hm;inl;inc;xsd</Extensions>
    </Filter>
    <Filter Include="Header Files\accelerators">
      <UniqueIdentifier>{ce248540-3c6d-43be-962a-71b801257bac}</UniqueIdentifier>
    </Filter>
    <Filter Include="Source Files\accelerators">
      <UniqueIdentifier>{d1eea349-b9c6-4df9-a8e6-349618e95f9a}</UniqueIdentifier>
    </Filter>
    <Filter Include="Header Files\cameras">
      <UniqueIdentifier>{ef1208a5-f6c8-4396-ae8c-4b5dd876f110}</UniqueIdentifier>
    </Filter>
    <Filter Include="Source Files\cameras">
      <UniqueIdentifier>{23453f8e-192c-4b1f-b134-e9def3d8af1c}</UniqueIdentifier>
    </Filter>
    <Filter Include="Header Files\core">
      <UniqueIdentifier>{7776d4f3-90eb-4e56-8a69-9ebc6499410d}</UniqueIdentifier>
    </Filter>
    <Filter Include="Header Files\ext">
      <UniqueIdentifier>{c6f0a544-c8e2-4b61-8930-e85896eb7a68}</UniqueIdentifier>
    </Filter>
    <Filter Include="Source Files\core">
      <UniqueIdentifier>{cb543421-a299-44d1-ae0e-cdcfee4f022b}</UniqueIdentifier>
    </Filter>
    <Filter Include="Source Files\ext">
      <UniqueIdentifier>{51823c86-a957-467b-bdc1-69885f5e9be1}</UniqueIdentifier>
    </Filter>
    <Filter Include="Source Files\filters">
      <UniqueIdentifier>{031a43b1-e6ce-4d90-b9b3-ffad5008d5a7}</UniqueIdentifier>
    </Filter>
    <Filter Include="Source Files\integrators">
      <UniqueIdentifier>{59275a1a-7a70-43f7-955b-6d6f9f2a7fa7}</UniqueIdentifier>
    </Filter>
    <Filter Include="Source Files\lights">
      <UniqueIdentifier>{80e63ff0-8142-4b1e-8c59-0a186e658710}</UniqueIdentifier>
    </Filter>
    <Filter Include="Source Files\materials">
      <UniqueIdentifier>{136d3935-5636-4bb1-96ca-c4a5e91c3a03}</UniqueIdentifier>
    </Filter>
    <Filter Include="Source Files\media">
      <UniqueIdentifier>{541efe7b-540d-4e17-8aac-1c987ca70d0f}</UniqueIdentifier>
    </Filter>
    <Filter Include="Source Files\samplers">
      <UniqueIdentifier>{ff605d6f-e459-4974-a4cb-2162ecdcf9fd}</UniqueIdentifier>
    </Filter>
    <Filter Include="Source Files\shapes">
      <UniqueIdentifier>{d38a8620-f022-4023-bf21-90bc0ba27a4e}</UniqueIdentifier>
    </Filter>
    <Filter Include="Header Files\filters">
      <UniqueIdentifier>{b8ce9409-0be7-4485-92cb-e65a2b624078}</UniqueIdentifier>
    </Filter>
    <Filter Include="Header Files\integrators">
      <UniqueIdentifier>{061d2710-ea2c-4911-b57a-d97dd52aea78}</UniqueIdentifier>
    </Filter>
    <Filter Include="Header Files\lights">
      <UniqueIdentifier>{25bbb3c4-76b2-404d-b4a1-c2d9fc6a23c8}</UniqueIdentifier>
    </Filter>
    <Filter Include="Header Files\materials">
      <UniqueIdentifier>{13b16689-565f-4f2f-8e68-50f7b2d14ebf}</UniqueIdentifier>
    </Filter>
    <Filter Include="Header Files\media">
      <UniqueIdentifier>{699fae41-0961-4ae2-a752-1329c163d8f5}</UniqueIdentifier>
    </Filter>
    <Filter Include="Header Files\samplers">
      <UniqueIdentifier>{5ae8f18a-c15b-4d33-b749-ac767711995d}</UniqueIdentifier>
    </Filter>
    <Filter Include="Header Files\shapes">
      <UniqueIdentifier>{6d0ba81a-30f8-47ef-a1a3-58698bb6f177}</UniqueIdentifier>
    </Filter>
    <Filter Include="Header Files\textures">
      <UniqueIdentifier>{475e7b1a-8288-42cf-a195-e3cc05826fbe}</UniqueIdentifier>
    </Filter>
    <Filter Include="Source Files\textures">
      <UniqueIdentifier>{332aabf2-9791-4f92-9af0-177544f1b5ee}</UniqueIdentifier>
    </Filter>
  </ItemGroup>
  <ItemGroup>
    <ClInclude Include="..\..\src\accelerators\bvh.h">
      <Filter>Header Files\accelerators</Filter>
    </ClInclude>
    <ClInclude Include="..\..\src\accelerators\kdtreeaccel.h">
      <Filter>Header Files\accelerators</Filter>
    </ClInclude>
    <ClInclude Include="..\..\src\cameras\realistic.h">
      <Filter>Header Files\cameras</Filter>
    </ClInclude>
    <ClInclude Include="..\..\src\cameras\environment.h">
      <Filter>Header Files\cameras</Filter>
    </ClInclude>
    <ClInclude Include="..\..\src\cameras\orthographic.h">
      <Filter>Header Files\cameras</Filter>
    </ClInclude>
    <ClInclude Include="..\..\src\cameras\perspective.h">
      <Filter>Header Files\cameras</Filter>
    </ClInclude>
    <ClInclude Include="..\..\src\core\transform.h">
      <Filter>Header Files\core</Filter>
    </ClInclude>
    <ClInclude Include="..\..\src\core\api.h">
      <Filter>Header Files\core</Filter>
    </ClInclude>
    <ClInclude Include="..\..\src\core\camera.h">
      <Filter>Header Files\core</Filter>
    </ClInclude>
    <ClInclude Include="..\..\src\core\efloat.h">
      <Filter>Header Files\core</Filter>
    </ClInclude>
    <ClInclude Include="..\..\src\core\error.h">
      <Filter>Header Files\core</Filter>
    </ClInclude>
    <ClInclude Include="..\..\src\core\fileutil.h">
      <Filter>Header Files\core</Filter>
    </ClInclude>
    <ClInclude Include="..\..\src\core\film.h">
      <Filter>Header Files\core</Filter>
    </ClInclude>
    <ClInclude Include="..\..\src\core\filter.h">
      <Filter>Header Files\core</Filter>
    </ClInclude>
    <ClInclude Include="..\..\src\core\floatfile.h">
      <Filter>Header Files\core</Filter>
    </ClInclude>
    <ClInclude Include="..\..\src\core\geometry.h">
      <Filter>Header Files\core</Filter>
    </ClInclude>
    <ClInclude Include="..\..\src\core\imageio.h">
      <Filter>Header Files\core</Filter>
    </ClInclude>
    <ClInclude Include="..\..\src\core\integrator.h">
      <Filter>Header Files\core</Filter>
    </ClInclude>
    <ClInclude Include="..\..\src\core\interaction.h">
      <Filter>Header Files\core</Filter>
    </ClInclude>
    <ClInclude Include="..\..\src\core\interpolation.h">
      <Filter>Header Files\core</Filter>
    </ClInclude>
    <ClInclude Include="..\..\src\core\light.h">
      <Filter>Header Files\core</Filter>
    </ClInclude>
    <ClInclude Include="..\..\src\core\lowdiscrepancy.h">
      <Filter>Header Files\core</Filter>
    </ClInclude>
    <ClInclude Include="..\..\src\core\material.h">
      <Filter>Header Files\core</Filter>
    </ClInclude>
    <ClInclude Include="..\..\src\core\medium.h">
      <Filter>Header Files\core</Filter>
    </ClInclude>
    <ClInclude Include="..\..\src\core\memory.h">
      <Filter>Header Files\core</Filter>
    </ClInclude>
    <ClInclude Include="..\..\src\core\microfacet.h">
      <Filter>Header Files\core</Filter>
    </ClInclude>
    <ClInclude Include="..\..\src\core\mipmap.h">
      <Filter>Header Files\core</Filter>
    </ClInclude>
    <ClInclude Include="..\..\src\core\parallel.h">
      <Filter>Header Files\core</Filter>
    </ClInclude>
    <ClInclude Include="..\..\src\core\paramset.h">
      <Filter>Header Files\core</Filter>
    </ClInclude>
    <ClInclude Include="..\..\src\core\parser.h">
      <Filter>Header Files\core</Filter>
    </ClInclude>
    <ClInclude Include="..\..\src\core\pbrt.h">
      <Filter>Header Files\core</Filter>
    </ClInclude>
    <ClInclude Include="..\..\src\core\pbrtparse.hh">
      <Filter>Header Files\core</Filter>
    </ClInclude>
    <ClInclude Include="..\..\src\core\primitive.h">
      <Filter>Header Files\core</Filter>
    </ClInclude>
    <ClInclude Include="..\..\src\core\progressreporter.h">
      <Filter>Header Files\core</Filter>
    </ClInclude>
    <ClInclude Include="..\..\src\core\quaternion.h">
      <Filter>Header Files\core</Filter>
    </ClInclude>
    <ClInclude Include="..\..\src\core\reflection.h">
      <Filter>Header Files\core</Filter>
    </ClInclude>
    <ClInclude Include="..\..\src\core\rng.h">
      <Filter>Header Files\core</Filter>
    </ClInclude>
    <ClInclude Include="..\..\src\core\sampler.h">
      <Filter>Header Files\core</Filter>
    </ClInclude>
    <ClInclude Include="..\..\src\core\sampling.h">
      <Filter>Header Files\core</Filter>
    </ClInclude>
    <ClInclude Include="..\..\src\core\scene.h">
      <Filter>Header Files\core</Filter>
    </ClInclude>
    <ClInclude Include="..\..\src\core\shape.h">
      <Filter>Header Files\core</Filter>
    </ClInclude>
    <ClInclude Include="..\..\src\core\sobolmatrices.h">
      <Filter>Header Files\core</Filter>
    </ClInclude>
    <ClInclude Include="..\..\src\core\spectrum.h">
      <Filter>Header Files\core</Filter>
    </ClInclude>
    <ClInclude Include="..\..\src\core\stats.h">
      <Filter>Header Files\core</Filter>
    </ClInclude>
    <ClInclude Include="..\..\src\core\stdafx.h">
      <Filter>Header Files\core</Filter>
    </ClInclude>
    <ClInclude Include="..\..\src\core\texture.h">
      <Filter>Header Files\core</Filter>
    </ClInclude>
    <ClInclude Include="..\..\src\ext\tinyexr.h">
      <Filter>Header Files\ext</Filter>
    </ClInclude>
    <ClInclude Include="..\..\src\ext\rply.h">
      <Filter>Header Files\ext</Filter>
    </ClInclude>
    <ClInclude Include="..\..\src\ext\stb_image_write.h">
      <Filter>Header Files\ext</Filter>
    </ClInclude>
    <ClInclude Include="..\..\src\ext\targa.h">
      <Filter>Header Files\ext</Filter>
    </ClInclude>
    <ClInclude Include="..\..\src\filters\triangle.h">
      <Filter>Header Files\filters</Filter>
    </ClInclude>
    <ClInclude Include="..\..\src\filters\box.h">
      <Filter>Header Files\filters</Filter>
    </ClInclude>
    <ClInclude Include="..\..\src\filters\gaussian.h">
      <Filter>Header Files\filters</Filter>
    </ClInclude>
    <ClInclude Include="..\..\src\filters\mitchell.h">
      <Filter>Header Files\filters</Filter>
    </ClInclude>
    <ClInclude Include="..\..\src\filters\sinc.h">
      <Filter>Header Files\filters</Filter>
    </ClInclude>
    <ClInclude Include="..\..\src\integrators\whitted.h">
      <Filter>Header Files\integrators</Filter>
    </ClInclude>
    <ClInclude Include="..\..\src\integrators\bdpt.h">
      <Filter>Header Files\integrators</Filter>
    </ClInclude>
    <ClInclude Include="..\..\src\integrators\directlighting.h">
      <Filter>Header Files\integrators</Filter>
    </ClInclude>
    <ClInclude Include="..\..\src\integrators\mlt.h">
      <Filter>Header Files\integrators</Filter>
    </ClInclude>
    <ClInclude Include="..\..\src\integrators\path.h">
      <Filter>Header Files\integrators</Filter>
    </ClInclude>
    <ClInclude Include="..\..\src\integrators\sppm.h">
      <Filter>Header Files\integrators</Filter>
    </ClInclude>
    <ClInclude Include="..\..\src\integrators\volpath.h">
      <Filter>Header Files\integrators</Filter>
    </ClInclude>
    <ClInclude Include="..\..\src\lights\spot.h">
      <Filter>Header Files\lights</Filter>
    </ClInclude>
    <ClInclude Include="..\..\src\lights\diffuse.h">
      <Filter>Header Files\lights</Filter>
    </ClInclude>
    <ClInclude Include="..\..\src\lights\distant.h">
      <Filter>Header Files\lights</Filter>
    </ClInclude>
    <ClInclude Include="..\..\src\lights\goniometric.h">
      <Filter>Header Files\lights</Filter>
    </ClInclude>
    <ClInclude Include="..\..\src\lights\infinite.h">
      <Filter>Header Files\lights</Filter>
    </ClInclude>
    <ClInclude Include="..\..\src\lights\point.h">
      <Filter>Header Files\lights</Filter>
    </ClInclude>
    <ClInclude Include="..\..\src\lights\projection.h">
      <Filter>Header Files\lights</Filter>
    </ClInclude>
    <ClInclude Include="..\..\src\materials\uber.h">
      <Filter>Header Files\materials</Filter>
    </ClInclude>
    <ClInclude Include="..\..\src\materials\fourier.h">
      <Filter>Header Files\materials</Filter>
    </ClInclude>
    <ClInclude Include="..\..\src\materials\glass.h">
      <Filter>Header Files\materials</Filter>
    </ClInclude>
    <ClInclude Include="..\..\src\materials\hair.h">
      <Filter>Header Files\materials</Filter>
    </ClInclude>
    <ClInclude Include="..\..\src\materials\kdsubsurface.h">
      <Filter>Header Files\materials</Filter>
    </ClInclude>
    <ClInclude Include="..\..\src\materials\matte.h">
      <Filter>Header Files\materials</Filter>
    </ClInclude>
    <ClInclude Include="..\..\src\materials\metal.h">
      <Filter>Header Files\materials</Filter>
    </ClInclude>
    <ClInclude Include="..\..\src\materials\mirror.h">
      <Filter>Header Files\materials</Filter>
    </ClInclude>
    <ClInclude Include="..\..\src\materials\mixmat.h">
      <Filter>Header Files\materials</Filter>
    </ClInclude>
    <ClInclude Include="..\..\src\materials\plastic.h">
      <Filter>Header Files\materials</Filter>
    </ClInclude>
    <ClInclude Include="..\..\src\materials\substrate.h">
      <Filter>Header Files\materials</Filter>
    </ClInclude>
    <ClInclude Include="..\..\src\materials\subsurface.h">
      <Filter>Header Files\materials</Filter>
    </ClInclude>
    <ClInclude Include="..\..\src\materials\translucent.h">
      <Filter>Header Files\materials</Filter>
    </ClInclude>
    <ClInclude Include="..\..\src\media\homogeneous.h">
      <Filter>Header Files\media</Filter>
    </ClInclude>
    <ClInclude Include="..\..\src\media\grid.h">
      <Filter>Header Files\media</Filter>
    </ClInclude>
    <ClInclude Include="..\..\src\textures\wrinkled.h">
      <Filter>Header Files\textures</Filter>
    </ClInclude>
    <ClInclude Include="..\..\src\textures\bilerp.h">
      <Filter>Header Files\textures</Filter>
    </ClInclude>
    <ClInclude Include="..\..\src\textures\checkerboard.h">
      <Filter>Header Files\textures</Filter>
    </ClInclude>
    <ClInclude Include="..\..\src\textures\constant.h">
      <Filter>Header Files\textures</Filter>
    </ClInclude>
    <ClInclude Include="..\..\src\textures\dots.h">
      <Filter>Header Files\textures</Filter>
    </ClInclude>
    <ClInclude Include="..\..\src\textures\fbm.h">
      <Filter>Header Files\textures</Filter>
    </ClInclude>
    <ClInclude Include="..\..\src\textures\imagemap.h">
      <Filter>Header Files\textures</Filter>
    </ClInclude>
    <ClInclude Include="..\..\src\textures\marble.h">
      <Filter>Header Files\textures</Filter>
    </ClInclude>
    <ClInclude Include="..\..\src\textures\mix.h">
      <Filter>Header Files\textures</Filter>
    </ClInclude>
    <ClInclude Include="..\..\src\textures\scale.h">
      <Filter>Header Files\textures</Filter>
    </ClInclude>
    <ClInclude Include="..\..\src\textures\uv.h">
      <Filter>Header Files\textures</Filter>
    </ClInclude>
    <ClInclude Include="..\..\src\textures\windy.h">
      <Filter>Header Files\textures</Filter>
    </ClInclude>
    <ClInclude Include="..\..\src\samplers\halton.h">
      <Filter>Header Files\samplers</Filter>
    </ClInclude>
    <ClInclude Include="..\..\src\samplers\maxmin.h">
      <Filter>Header Files\samplers</Filter>
    </ClInclude>
    <ClInclude Include="..\..\src\samplers\random.h">
      <Filter>Header Files\samplers</Filter>
    </ClInclude>
    <ClInclude Include="..\..\src\samplers\sobol.h">
      <Filter>Header Files\samplers</Filter>
    </ClInclude>
    <ClInclude Include="..\..\src\samplers\stratified.h">
      <Filter>Header Files\samplers</Filter>
    </ClInclude>
    <ClInclude Include="..\..\src\samplers\zerotwosequence.h">
      <Filter>Header Files\samplers</Filter>
    </ClInclude>
    <ClInclude Include="..\..\src\shapes\triangle.h">
      <Filter>Header Files\shapes</Filter>
    </ClInclude>
    <ClInclude Include="..\..\src\shapes\cone.h">
      <Filter>Header Files\shapes</Filter>
    </ClInclude>
    <ClInclude Include="..\..\src\shapes\curve.h">
      <Filter>Header Files\shapes</Filter>
    </ClInclude>
    <ClInclude Include="..\..\src\shapes\cylinder.h">
      <Filter>Header Files\shapes</Filter>
    </ClInclude>
    <ClInclude Include="..\..\src\shapes\disk.h">
      <Filter>Header Files\shapes</Filter>
    </ClInclude>
    <ClInclude Include="..\..\src\shapes\heightfield.h">
      <Filter>Header Files\shapes</Filter>
    </ClInclude>
    <ClInclude Include="..\..\src\shapes\hyperboloid.h">
      <Filter>Header Files\shapes</Filter>
    </ClInclude>
    <ClInclude Include="..\..\src\shapes\loopsubdiv.h">
      <Filter>Header Files\shapes</Filter>
    </ClInclude>
    <ClInclude Include="..\..\src\shapes\nurbs.h">
      <Filter>Header Files\shapes</Filter>
    </ClInclude>
    <ClInclude Include="..\..\src\shapes\paraboloid.h">
      <Filter>Header Files\shapes</Filter>
    </ClInclude>
    <ClInclude Include="..\..\src\shapes\plymesh.h">
      <Filter>Header Files\shapes</Filter>
    </ClInclude>
    <ClInclude Include="..\..\src\shapes\sphere.h">
      <Filter>Header Files\shapes</Filter>
    </ClInclude>
  </ItemGroup>
  <ItemGroup>
    <ClCompile Include="..\..\src\accelerators\bvh.cpp">
      <Filter>Source Files\accelerators</Filter>
    </ClCompile>
    <ClCompile Include="..\..\src\accelerators\kdtreeaccel.cpp">
      <Filter>Source Files\accelerators</Filter>
    </ClCompile>
    <ClCompile Include="..\..\src\cameras\environment.cpp">
      <Filter>Source Files\cameras</Filter>
    </ClCompile>
    <ClCompile Include="..\..\src\cameras\orthographic.cpp">
      <Filter>Source Files\cameras</Filter>
    </ClCompile>
    <ClCompile Include="..\..\src\cameras\perspective.cpp">
      <Filter>Source Files\cameras</Filter>
    </ClCompile>
    <ClCompile Include="..\..\src\cameras\realistic.cpp">
      <Filter>Source Files\cameras</Filter>
    </ClCompile>
    <ClCompile Include="..\..\src\ext\rply.cpp">
      <Filter>Source Files\ext</Filter>
    </ClCompile>
    <ClCompile Include="..\..\src\ext\targa.cpp">
      <Filter>Source Files\ext</Filter>
    </ClCompile>
    <ClCompile Include="..\..\src\ext\tinyexr.cpp">
      <Filter>Source Files\ext</Filter>
    </ClCompile>
    <ClCompile Include="..\..\src\core\transform.cpp">
      <Filter>Source Files\core</Filter>
    </ClCompile>
    <ClCompile Include="..\..\src\core\texture.cpp">
      <Filter>Source Files\core</Filter>
    </ClCompile>
    <ClCompile Include="..\..\src\core\stats.cpp">
      <Filter>Source Files\core</Filter>
    </ClCompile>
    <ClCompile Include="..\..\src\core\spectrum.cpp">
      <Filter>Source Files\core</Filter>
    </ClCompile>
    <ClCompile Include="..\..\src\core\sobolmatrices.cpp">
      <Filter>Source Files\core</Filter>
    </ClCompile>
    <ClCompile Include="..\..\src\core\shape.cpp">
      <Filter>Source Files\core</Filter>
    </ClCompile>
    <ClCompile Include="..\..\src\core\scene.cpp">
      <Filter>Source Files\core</Filter>
    </ClCompile>
    <ClCompile Include="..\..\src\core\sampling.cpp">
      <Filter>Source Files\core</Filter>
    </ClCompile>
    <ClCompile Include="..\..\src\core\sampler.cpp">
      <Filter>Source Files\core</Filter>
    </ClCompile>
    <ClCompile Include="..\..\src\core\reflection.cpp">
      <Filter>Source Files\core</Filter>
    </ClCompile>
    <ClCompile Include="..\..\src\core\quaternion.cpp">
      <Filter>Source Files\core</Filter>
    </ClCompile>
    <ClCompile Include="..\..\src\core\progressreporter.cpp">
      <Filter>Source Files\core</Filter>
    </ClCompile>
    <ClCompile Include="..\..\src\core\primitive.cpp">
      <Filter>Source Files\core</Filter>
    </ClCompile>
    <ClCompile Include="..\..\src\core\pbrtparse.cpp">
      <Filter>Source Files\core</Filter>
    </ClCompile>
    <ClCompile Include="..\..\src\core\pbrtlex.cpp">
      <Filter>Source Files\core</Filter>
    </ClCompile>
    <ClCompile Include="..\..\src\core\parser.cpp">
      <Filter>Source Files\core</Filter>
    </ClCompile>
    <ClCompile Include="..\..\src\core\paramset.cpp">
      <Filter>Source Files\core</Filter>
    </ClCompile>
    <ClCompile Include="..\..\src\core\parallel.cpp">
      <Filter>Source Files\core</Filter>
    </ClCompile>
    <ClCompile Include="..\..\src\core\microfacet.cpp">
      <Filter>Source Files\core</Filter>
    </ClCompile>
    <ClCompile Include="..\..\src\core\memory.cpp">
      <Filter>Source Files\core</Filter>
    </ClCompile>
    <ClCompile Include="..\..\src\core\medium.cpp">
      <Filter>Source Files\core</Filter>
    </ClCompile>
    <ClCompile Include="..\..\src\core\material.cpp">
      <Filter>Source Files\core</Filter>
    </ClCompile>
    <ClCompile Include="..\..\src\core\lowdiscrepancy.cpp">
      <Filter>Source Files\core</Filter>
    </ClCompile>
    <ClCompile Include="..\..\src\core\light.cpp">
      <Filter>Source Files\core</Filter>
    </ClCompile>
    <ClCompile Include="..\..\src\core\interpolation.cpp">
      <Filter>Source Files\core</Filter>
    </ClCompile>
    <ClCompile Include="..\..\src\core\interaction.cpp">
      <Filter>Source Files\core</Filter>
    </ClCompile>
    <ClCompile Include="..\..\src\core\integrator.cpp">
      <Filter>Source Files\core</Filter>
    </ClCompile>
    <ClCompile Include="..\..\src\core\imageio.cpp">
      <Filter>Source Files\core</Filter>
    </ClCompile>
    <ClCompile Include="..\..\src\core\geometry.cpp">
      <Filter>Source Files\core</Filter>
    </ClCompile>
    <ClCompile Include="..\..\src\core\floatfile.cpp">
      <Filter>Source Files\core</Filter>
    </ClCompile>
    <ClCompile Include="..\..\src\core\filter.cpp">
      <Filter>Source Files\core</Filter>
    </ClCompile>
    <ClCompile Include="..\..\src\core\film.cpp">
      <Filter>Source Files\core</Filter>
    </ClCompile>
    <ClCompile Include="..\..\src\core\fileutil.cpp">
      <Filter>Source Files\core</Filter>
    </ClCompile>
    <ClCompile Include="..\..\src\core\error.cpp">
      <Filter>Source Files\core</Filter>
    </ClCompile>
    <ClCompile Include="..\..\src\core\efloat.cpp">
      <Filter>Source Files\core</Filter>
    </ClCompile>
    <ClCompile Include="..\..\src\core\camera.cpp">
      <Filter>Source Files\core</Filter>
    </ClCompile>
    <ClCompile Include="..\..\src\core\api.cpp">
      <Filter>Source Files\core</Filter>
    </ClCompile>
    <ClCompile Include="..\..\src\filters\box.cpp">
      <Filter>Source Files\filters</Filter>
    </ClCompile>
    <ClCompile Include="..\..\src\filters\gaussian.cpp">
      <Filter>Source Files\filters</Filter>
    </ClCompile>
    <ClCompile Include="..\..\src\filters\mitchell.cpp">
      <Filter>Source Files\filters</Filter>
    </ClCompile>
    <ClCompile Include="..\..\src\filters\sinc.cpp">
      <Filter>Source Files\filters</Filter>
    </ClCompile>
    <ClCompile Include="..\..\src\filters\triangle.cpp">
      <Filter>Source Files\filters</Filter>
    </ClCompile>
    <ClCompile Include="..\..\src\integrators\whitted.cpp">
      <Filter>Source Files\integrators</Filter>
    </ClCompile>
    <ClCompile Include="..\..\src\integrators\bdpt.cpp">
      <Filter>Source Files\integrators</Filter>
    </ClCompile>
    <ClCompile Include="..\..\src\integrators\directlighting.cpp">
      <Filter>Source Files\integrators</Filter>
    </ClCompile>
    <ClCompile Include="..\..\src\integrators\mlt.cpp">
      <Filter>Source Files\integrators</Filter>
    </ClCompile>
    <ClCompile Include="..\..\src\integrators\path.cpp">
      <Filter>Source Files\integrators</Filter>
    </ClCompile>
    <ClCompile Include="..\..\src\integrators\sppm.cpp">
      <Filter>Source Files\integrators</Filter>
    </ClCompile>
    <ClCompile Include="..\..\src\integrators\volpath.cpp">
      <Filter>Source Files\integrators</Filter>
    </ClCompile>
    <ClCompile Include="..\..\src\lights\diffuse.cpp">
      <Filter>Source Files\lights</Filter>
    </ClCompile>
    <ClCompile Include="..\..\src\lights\distant.cpp">
      <Filter>Source Files\lights</Filter>
    </ClCompile>
    <ClCompile Include="..\..\src\lights\goniometric.cpp">
      <Filter>Source Files\lights</Filter>
    </ClCompile>
    <ClCompile Include="..\..\src\lights\infinite.cpp">
      <Filter>Source Files\lights</Filter>
    </ClCompile>
    <ClCompile Include="..\..\src\lights\point.cpp">
      <Filter>Source Files\lights</Filter>
    </ClCompile>
    <ClCompile Include="..\..\src\lights\projection.cpp">
      <Filter>Source Files\lights</Filter>
    </ClCompile>
    <ClCompile Include="..\..\src\lights\spot.cpp">
      <Filter>Source Files\lights</Filter>
    </ClCompile>
    <ClCompile Include="..\..\src\materials\fourier.cpp">
      <Filter>Source Files\materials</Filter>
    </ClCompile>
    <ClCompile Include="..\..\src\materials\glass.cpp">
      <Filter>Source Files\materials</Filter>
    </ClCompile>
    <ClCompile Include="..\..\src\materials\hair.cpp">
      <Filter>Source Files\materials</Filter>
    </ClCompile>
    <ClCompile Include="..\..\src\materials\kdsubsurface.cpp">
      <Filter>Source Files\materials</Filter>
    </ClCompile>
    <ClCompile Include="..\..\src\materials\matte.cpp">
      <Filter>Source Files\materials</Filter>
    </ClCompile>
    <ClCompile Include="..\..\src\materials\metal.cpp">
      <Filter>Source Files\materials</Filter>
    </ClCompile>
    <ClCompile Include="..\..\src\materials\mirror.cpp">
      <Filter>Source Files\materials</Filter>
    </ClCompile>
    <ClCompile Include="..\..\src\materials\mixmat.cpp">
      <Filter>Source Files\materials</Filter>
    </ClCompile>
    <ClCompile Include="..\..\src\materials\plastic.cpp">
      <Filter>Source Files\materials</Filter>
    </ClCompile>
    <ClCompile Include="..\..\src\materials\substrate.cpp">
      <Filter>Source Files\materials</Filter>
    </ClCompile>
    <ClCompile Include="..\..\src\materials\subsurface.cpp">
      <Filter>Source Files\materials</Filter>
    </ClCompile>
    <ClCompile Include="..\..\src\materials\translucent.cpp">
      <Filter>Source Files\materials</Filter>
    </ClCompile>
    <ClCompile Include="..\..\src\materials\uber.cpp">
      <Filter>Source Files\materials</Filter>
    </ClCompile>
    <ClCompile Include="..\..\src\media\grid.cpp">
      <Filter>Source Files\media</Filter>
    </ClCompile>
    <ClCompile Include="..\..\src\media\homogeneous.cpp">
      <Filter>Source Files\media</Filter>
    </ClCompile>
    <ClCompile Include="..\..\src\textures\bilerp.cpp">
      <Filter>Source Files\textures</Filter>
    </ClCompile>
    <ClCompile Include="..\..\src\textures\checkerboard.cpp">
      <Filter>Source Files\textures</Filter>
    </ClCompile>
    <ClCompile Include="..\..\src\textures\constant.cpp">
      <Filter>Source Files\textures</Filter>
    </ClCompile>
    <ClCompile Include="..\..\src\textures\dots.cpp">
      <Filter>Source Files\textures</Filter>
    </ClCompile>
    <ClCompile Include="..\..\src\textures\fbm.cpp">
      <Filter>Source Files\textures</Filter>
    </ClCompile>
    <ClCompile Include="..\..\src\textures\imagemap.cpp">
      <Filter>Source Files\textures</Filter>
    </ClCompile>
    <ClCompile Include="..\..\src\textures\marble.cpp">
      <Filter>Source Files\textures</Filter>
    </ClCompile>
    <ClCompile Include="..\..\src\textures\mix.cpp">
      <Filter>Source Files\textures</Filter>
    </ClCompile>
    <ClCompile Include="..\..\src\textures\scale.cpp">
      <Filter>Source Files\textures</Filter>
    </ClCompile>
    <ClCompile Include="..\..\src\textures\uv.cpp">
      <Filter>Source Files\textures</Filter>
    </ClCompile>
    <ClCompile Include="..\..\src\textures\windy.cpp">
      <Filter>Source Files\textures</Filter>
    </ClCompile>
    <ClCompile Include="..\..\src\textures\wrinkled.cpp">
      <Filter>Source Files\textures</Filter>
    </ClCompile>
    <ClCompile Include="..\..\src\samplers\halton.cpp">
      <Filter>Source Files\samplers</Filter>
    </ClCompile>
    <ClCompile Include="..\..\src\samplers\maxmin.cpp">
      <Filter>Source Files\samplers</Filter>
    </ClCompile>
    <ClCompile Include="..\..\src\samplers\random.cpp">
      <Filter>Source Files\samplers</Filter>
    </ClCompile>
    <ClCompile Include="..\..\src\samplers\sobol.cpp">
      <Filter>Source Files\samplers</Filter>
    </ClCompile>
    <ClCompile Include="..\..\src\samplers\stratified.cpp">
      <Filter>Source Files\samplers</Filter>
    </ClCompile>
    <ClCompile Include="..\..\src\samplers\zerotwosequence.cpp">
      <Filter>Source Files\samplers</Filter>
    </ClCompile>
    <ClCompile Include="..\..\src\shapes\cone.cpp">
      <Filter>Source Files\shapes</Filter>
    </ClCompile>
    <ClCompile Include="..\..\src\shapes\curve.cpp">
      <Filter>Source Files\shapes</Filter>
    </ClCompile>
    <ClCompile Include="..\..\src\shapes\cylinder.cpp">
      <Filter>Source Files\shapes</Filter>
    </ClCompile>
    <ClCompile Include="..\..\src\shapes\disk.cpp">
      <Filter>Source Files\shapes</Filter>
    </ClCompile>
    <ClCompile Include="..\..\src\shapes\heightfield.cpp">
      <Filter>Source Files\shapes</Filter>
    </ClCompile>
    <ClCompile Include="..\..\src\shapes\hyperboloid.cpp">
      <Filter>Source Files\shapes</Filter>
    </ClCompile>
    <ClCompile Include="..\..\src\shapes\loopsubdiv.cpp">
      <Filter>Source Files\shapes</Filter>
    </ClCompile>
    <ClCompile Include="..\..\src\shapes\nurbs.cpp">
      <Filter>Source Files\shapes</Filter>
    </ClCompile>
    <ClCompile Include="..\..\src\shapes\paraboloid.cpp">
      <Filter>Source Files\shapes</Filter>
    </ClCompile>
    <ClCompile Include="..\..\src\shapes\plymesh.cpp">
      <Filter>Source Files\shapes</Filter>
    </ClCompile>
    <ClCompile Include="..\..\src\shapes\sphere.cpp">
      <Filter>Source Files\shapes</Filter>
    </ClCompile>
    <ClCompile Include="..\..\src\shapes\triangle.cpp">
      <Filter>Source Files\shapes</Filter>
    </ClCompile>
  </ItemGroup>
</Project>